
Microsoft Visual Studio Solution File, Format Version 12.00
# Visual Studio Version 16
VisualStudioVersion = 16.0.30114.105
MinimumVisualStudioVersion = 10.0.40219.1
Project("{FAE04EC0-301F-11D3-BF4B-00C04F79EFBC}") = "Authentication.Roles", "Authentication.Roles\Authentication.Roles.csproj", "{A2CC81F0-771C-4999-9D53-8D50091C14C0}"
EndProject
Project("{FAE04EC0-301F-11D3-BF4B-00C04F79EFBC}") = "Authorization.Basics", "Authorization.Basics\Authorization.Basics.csproj", "{F24BA44A-C8EA-43CB-BBE1-D09018045D0F}"
EndProject
Global
	GlobalSection(SolutionConfigurationPlatforms) = preSolution
		Debug|Any CPU = Debug|Any CPU
		Release|Any CPU = Release|Any CPU
	EndGlobalSection
	GlobalSection(ProjectConfigurationPlatforms) = postSolution
		{A2CC81F0-771C-4999-9D53-8D50091C14C0}.Debug|Any CPU.ActiveCfg = Debug|Any CPU
		{A2CC81F0-771C-4999-9D53-8D50091C14C0}.Debug|Any CPU.Build.0 = Debug|Any CPU
		{A2CC81F0-771C-4999-9D53-8D50091C14C0}.Release|Any CPU.ActiveCfg = Release|Any CPU
		{A2CC81F0-771C-4999-9D53-8D50091C14C0}.Release|Any CPU.Build.0 = Release|Any CPU
		{F24BA44A-C8EA-43CB-BBE1-D09018045D0F}.Debug|Any CPU.ActiveCfg = Debug|Any CPU
		{F24BA44A-C8EA-43CB-BBE1-D09018045D0F}.Debug|Any CPU.Build.0 = Debug|Any CPU
		{F24BA44A-C8EA-43CB-BBE1-D09018045D0F}.Release|Any CPU.ActiveCfg = Release|Any CPU
		{F24BA44A-C8EA-43CB-BBE1-D09018045D0F}.Release|Any CPU.Build.0 = Release|Any CPU
	EndGlobalSection
	GlobalSection(SolutionProperties) = preSolution
		HideSolutionNode = FALSE
	EndGlobalSection
	GlobalSection(ExtensibilityGlobals) = postSolution
		SolutionGuid = {447629CA-9928-4DB3-8E8D-6D4A1B47F776}
	EndGlobalSection
EndGlobal
